
Microsoft Visual Studio Solution File, Format Version 12.00
# Visual Studio Version 17
VisualStudioVersion = 17.7.34031.279
MinimumVisualStudioVersion = 10.0.40219.1
Project("{9A19103F-16F7-4668-BE54-9A1E7A4F7556}") = "DataAccess", "DataAccess\DataAccess.csproj", "{A6C39ED5-55AF-41E7-8AEB-0A87AE89148E}"
EndProject
Project("{9A19103F-16F7-4668-BE54-9A1E7A4F7556}") = "Business", "Business\Business.csproj", "{660EF9D6-6A4F-4F38-B678-CA476F08BB33}"
EndProject
Project("{9A19103F-16F7-4668-BE54-9A1E7A4F7556}") = "ConsoleUI", "ConsoleUI\ConsoleUI.csproj", "{A60610FF-FD7F-4746-B62E-4F9C37C243AF}"
EndProject
Project("{9A19103F-16F7-4668-BE54-9A1E7A4F7556}") = "Entities", "Entities\Entities.csproj", "{77BBA0CF-5021-4B11-B2AF-9F4A114ACBED}"
EndProject
Project("{9A19103F-16F7-4668-BE54-9A1E7A4F7556}") = "Core", "Core\Core.csproj", "{811ED308-C8AB-427B-9222-877992A91208}"
EndProject
Project("{FAE04EC0-301F-11D3-BF4B-00C04F79EFBC}") = "WebAPI", "WebAPI\WebAPI.csproj", "{8DCBB40B-DD95-433F-9E3B-A1036889E5DD}"
EndProject
Global
	GlobalSection(SolutionConfigurationPlatforms) = preSolution
		Debug|Any CPU = Debug|Any CPU
		Release|Any CPU = Release|Any CPU
	EndGlobalSection
	GlobalSection(ProjectConfigurationPlatforms) = postSolution
		{A6C39ED5-55AF-41E7-8AEB-0A87AE89148E}.Debug|Any CPU.ActiveCfg = Debug|Any CPU
		{A6C39ED5-55AF-41E7-8AEB-0A87AE89148E}.Debug|Any CPU.Build.0 = Debug|Any CPU
		{A6C39ED5-55AF-41E7-8AEB-0A87AE89148E}.Release|Any CPU.ActiveCfg = Release|Any CPU
		{A6C39ED5-55AF-41E7-8AEB-0A87AE89148E}.Release|Any CPU.Build.0 = Release|Any CPU
		{660EF9D6-6A4F-4F38-B678-CA476F08BB33}.Debug|Any CPU.ActiveCfg = Debug|Any CPU
		{660EF9D6-6A4F-4F38-B678-CA476F08BB33}.Debug|Any CPU.Build.0 = Debug|Any CPU
		{660EF9D6-6A4F-4F38-B678-CA476F08BB33}.Release|Any CPU.ActiveCfg = Release|Any CPU
		{660EF9D6-6A4F-4F38-B678-CA476F08BB33}.Release|Any CPU.Build.0 = Release|Any CPU
		{A60610FF-FD7F-4746-B62E-4F9C37C243AF}.Debug|Any CPU.ActiveCfg = Debug|Any CPU
		{A60610FF-FD7F-4746-B62E-4F9C37C243AF}.Debug|Any CPU.Build.0 = Debug|Any CPU
		{A60610FF-FD7F-4746-B62E-4F9C37C243AF}.Release|Any CPU.ActiveCfg = Release|Any CPU
		{A60610FF-FD7F-4746-B62E-4F9C37C243AF}.Release|Any CPU.Build.0 = Release|Any CPU
		{77BBA0CF-5021-4B11-B2AF-9F4A114ACBED}.Debug|Any CPU.ActiveCfg = Debug|Any CPU
		{77BBA0CF-5021-4B11-B2AF-9F4A114ACBED}.Debug|Any CPU.Build.0 = Debug|Any CPU
		{77BBA0CF-5021-4B11-B2AF-9F4A114ACBED}.Release|Any CPU.ActiveCfg = Release|Any CPU
		{77BBA0CF-5021-4B11-B2AF-9F4A114ACBED}.Release|Any CPU.Build.0 = Release|Any CPU
		{811ED308-C8AB-427B-9222-877992A91208}.Debug|Any CPU.ActiveCfg = Debug|Any CPU
		{811ED308-C8AB-427B-9222-877992A91208}.Debug|Any CPU.Build.0 = Debug|Any CPU
		{811ED308-C8AB-427B-9222-877992A91208}.Release|Any CPU.ActiveCfg = Release|Any CPU
		{811ED308-C8AB-427B-9222-877992A91208}.Release|Any CPU.Build.0 = Release|Any CPU
		{8DCBB40B-DD95-433F-9E3B-A1036889E5DD}.Debug|Any CPU.ActiveCfg = Debug|Any CPU
		{8DCBB40B-DD95-433F-9E3B-A1036889E5DD}.Debug|Any CPU.Build.0 = Debug|Any CPU
		{8DCBB40B-DD95-433F-9E3B-A1036889E5DD}.Release|Any CPU.ActiveCfg = Release|Any CPU
		{8DCBB40B-DD95-433F-9E3B-A1036889E5DD}.Release|Any CPU.Build.0 = Release|Any CPU
	EndGlobalSection
	GlobalSection(SolutionProperties) = preSolution
		HideSolutionNode = FALSE
	EndGlobalSection
	GlobalSection(ExtensibilityGlobals) = postSolution
		SolutionGuid = {8A81A2CC-B886-4308-996E-7CBFE34660A0}
	EndGlobalSection
EndGlobal
